{
  "object": {
    "pins": [
      {
        "package": "CareKit",
        "repositoryURL": "https://github.com/carekit-apple/CareKit.git",
        "state": {
          "branch": null,
          "revision": "9d4233253faf39e5dcd52e6cb4a0498ac4ca4a1f",
          "version": "2.0.2"
        }
      },
      {
        "package": "SnapKit",
        "repositoryURL": "https://github.com/SnapKit/SnapKit.git",
        "state": {
          "branch": null,
          "revision": "d458564516e5676af9c70b4f4b2a9178294f1bc6",
          "version": "5.0.1"
        }
      },
      {
        "package": "Then",
        "repositoryURL": "https://github.com/devxoul/Then.git",
        "state": {
          "branch": null,
          "revision": "e421a7b3440a271834337694e6050133a3958bc7",
          "version": "2.7.0"
        }
      }
    ]
  },
  "version": 1
}
